
Microsoft Visual Studio Solution File, Format Version 12.00
# Visual Studio Version 17
VisualStudioVersion = 17.4.33122.133
MinimumVisualStudioVersion = 10.0.40219.1
Project("{FAE04EC0-301F-11D3-BF4B-00C04F79EFBC}") = "AllCsharp", "AllCsharp\AllCsharp.csproj", "{31CE1D39-CF90-4124-AB7C-66E1CC4F803C}"
EndProject
Global
	GlobalSection(SolutionConfigurationPlatforms) = preSolution
		Debug|Any CPU = Debug|Any CPU
		Release|Any CPU = Release|Any CPU
	EndGlobalSection
	GlobalSection(ProjectConfigurationPlatforms) = postSolution
		{31CE1D39-CF90-4124-AB7C-66E1CC4F803C}.Debug|Any CPU.ActiveCfg = Debug|Any CPU
		{31CE1D39-CF90-4124-AB7C-66E1CC4F803C}.Debug|Any CPU.Build.0 = Debug|Any CPU
		{31CE1D39-CF90-4124-AB7C-66E1CC4F803C}.Release|Any CPU.ActiveCfg = Release|Any CPU
		{31CE1D39-CF90-4124-AB7C-66E1CC4F803C}.Release|Any CPU.Build.0 = Release|Any CPU
	EndGlobalSection
	GlobalSection(SolutionProperties) = preSolution
		HideSolutionNode = FALSE
	EndGlobalSection
	GlobalSection(ExtensibilityGlobals) = postSolution
		SolutionGuid = {CF4B5B34-4781-485F-9C8C-F769CAC4E52A}
	EndGlobalSection
EndGlobal
